
Microsoft Visual Studio Solution File, Format Version 12.00
# Visual Studio Version 17
VisualStudioVersion = 17.8.34309.116
MinimumVisualStudioVersion = 10.0.40219.1
Project("{FAE04EC0-301F-11D3-BF4B-00C04F79EFBC}") = "CarMarketAnalysis", "CarMarketAnalysis.csproj", "{E27D8806-8A59-4A19-A67F-25942EAD151C}"
EndProject
Global
	GlobalSection(SolutionConfigurationPlatforms) = preSolution
		Debug|Any CPU = Debug|Any CPU
		Release|Any CPU = Release|Any CPU
	EndGlobalSection
	GlobalSection(ProjectConfigurationPlatforms) = postSolution
		{E27D8806-8A59-4A19-A67F-25942EAD151C}.Debug|Any CPU.ActiveCfg = Debug|Any CPU
		{E27D8806-8A59-4A19-A67F-25942EAD151C}.Debug|Any CPU.Build.0 = Debug|Any CPU
		{E27D8806-8A59-4A19-A67F-25942EAD151C}.Release|Any CPU.ActiveCfg = Release|Any CPU
		{E27D8806-8A59-4A19-A67F-25942EAD151C}.Release|Any CPU.Build.0 = Release|Any CPU
	EndGlobalSection
	GlobalSection(SolutionProperties) = preSolution
		HideSolutionNode = FALSE
	EndGlobalSection
	GlobalSection(ExtensibilityGlobals) = postSolution
		SolutionGuid = {99C4F91D-B4F4-4BF1-BCAB-25F57109E164}
	EndGlobalSection
EndGlobal
